// !$*UTF8*$!
{
	archiveVersion = 1;
	classes = {
	};
	objectVersion = 46;
	objects = {

/* Begin PBXBuildFile section */
		BB677C2A18E332B100A9B9F4 /* Foundation.framework in Frameworks */ = {isa = PBXBuildFile; fileRef = BB677C2918E332B100A9B9F4 /* Foundation.framework */; };
		BB677C2C18E332B100A9B9F4 /* CoreGraphics.framework in Frameworks */ = {isa = PBXBuildFile; fileRef = BB677C2B18E332B100A9B9F4 /* CoreGraphics.framework */; };
		BB677C2E18E332B100A9B9F4 /* UIKit.framework in Frameworks */ = {isa = PBXBuildFile; fileRef = BB677C2D18E332B100A9B9F4 /* UIKit.framework */; };
		BB677C3418E332B100A9B9F4 /* InfoPlist.strings in Resources */ = {isa = PBXBuildFile; fileRef = BB677C3218E332B100A9B9F4 /* InfoPlist.strings */; };
		BB677C3618E332B100A9B9F4 /* main.m in Sources */ = {isa = PBXBuildFile; fileRef = BB677C3518E332B100A9B9F4 /* main.m */; };
		BB677C3A18E332B100A9B9F4 /* YTAppDelegate.m in Sources */ = {isa = PBXBuildFile; fileRef = BB677C3918E332B100A9B9F4 /* YTAppDelegate.m */; };
		BB677C3D18E332B100A9B9F4 /* Main.storyboard in Resources */ = {isa = PBXBuildFile; fileRef = BB677C3B18E332B100A9B9F4 /* Main.storyboard */; };
		BB677C4018E332B100A9B9F4 /* YTMasterViewController.m in Sources */ = {isa = PBXBuildFile; fileRef = BB677C3F18E332B100A9B9F4 /* YTMasterViewController.m */; };
		BB677C4318E332B100A9B9F4 /* YTDetailViewController.m in Sources */ = {isa = PBXBuildFile; fileRef = BB677C4218E332B100A9B9F4 /* YTDetailViewController.m */; };
		BB677C4518E332B100A9B9F4 /* Images.xcassets in Resources */ = {isa = PBXBuildFile; fileRef = BB677C4418E332B100A9B9F4 /* Images.xcassets */; };
		BB677C4C18E332B100A9B9F4 /* XCTest.framework in Frameworks */ = {isa = PBXBuildFile; fileRef = BB677C4B18E332B100A9B9F4 /* XCTest.framework */; };
		BB677C4D18E332B100A9B9F4 /* Foundation.framework in Frameworks */ = {isa = PBXBuildFile; fileRef = BB677C2918E332B100A9B9F4 /* Foundation.framework */; };
		BB677C4E18E332B100A9B9F4 /* UIKit.framework in Frameworks */ = {isa = PBXBuildFile; fileRef = BB677C2D18E332B100A9B9F4 /* UIKit.framework */; };
		BB677C5618E332B100A9B9F4 /* InfoPlist.strings in Resources */ = {isa = PBXBuildFile; fileRef = BB677C5418E332B100A9B9F4 /* InfoPlist.strings */; };
		BB677C5818E332B100A9B9F4 /* YtraceTests.m in Sources */ = {isa = PBXBuildFile; fileRef = BB677C5718E332B100A9B9F4 /* YtraceTests.m */; };
		BB677C6318E332EE00A9B9F4 /* Ytrace.m in Sources */ = {isa = PBXBuildFile; fileRef = BB677C6218E332EE00A9B9F4 /* Ytrace.m */; };
		BB677C6718E3347D00A9B9F4 /* spl_forwarding_trampoline_arm64.s in Sources */ = {isa = PBXBuildFile; fileRef = BB677C6418E3347D00A9B9F4 /* spl_forwarding_trampoline_arm64.s */; };
		BB677C6818E3347D00A9B9F4 /* SPLMessageLogger.m in Sources */ = {isa = PBXBuildFile; fileRef = BB677C6618E3347D00A9B9F4 /* SPLMessageLogger.m */; };
		BB814F9618E3A33300EBF752 /* spl_forwarding_trampoline_armv7.s in Sources */ = {isa = PBXBuildFile; fileRef = BB814F9418E3A33300EBF752 /* spl_forwarding_trampoline_armv7.s */; };
		BB814F9718E3A33300EBF752 /* spl_forwarding_trampoline_stret_armv7.s in Sources */ = {isa = PBXBuildFile; fileRef = BB814F9518E3A33300EBF752 /* spl_forwarding_trampoline_stret_armv7.s */; };
/* End PBXBuildFile section */

/* Begin PBXContainerItemProxy section */
		BB677C4F18E332B100A9B9F4 /* PBXContainerItemProxy */ = {
			isa = PBXContainerItemProxy;
			containerPortal = BB677C1E18E332B000A9B9F4 /* Project object */;
			proxyType = 1;
			remoteGlobalIDString = BB677C2518E332B100A9B9F4;
			remoteInfo = Ytrace;
		};
/* End PBXContainerItemProxy section */

/* Begin PBXFileReference section */
		BB677C2618E332B100A9B9F4 /* Ytrace.app */ = {isa = PBXFileReference; explicitFileType = wrapper.application; includeInIndex = 0; path = Ytrace.app; sourceTree = BUILT_PRODUCTS_DIR; };
		BB677C2918E332B100A9B9F4 /* Foundation.framework */ = {isa = PBXFileReference; lastKnownFileType = wrapper.framework; name = Foundation.framework; path = System/Library/Frameworks/Foundation.framework; sourceTree = SDKROOT; };
		BB677C2B18E332B100A9B9F4 /* CoreGraphics.framework */ = {isa = PBXFileReference; lastKnownFileType = wrapper.framework; name = CoreGraphics.framework; path = System/Library/Frameworks/CoreGraphics.framework; sourceTree = SDKROOT; };
		BB677C2D18E332B100A9B9F4 /* UIKit.framework */ = {isa = PBXFileReference; lastKnownFileType = wrapper.framework; name = UIKit.framework; path = System/Library/Frameworks/UIKit.framework; sourceTree = SDKROOT; };
		BB677C3118E332B100A9B9F4 /* Ytrace-Info.plist */ = {isa = PBXFileReference; lastKnownFileType = text.plist.xml; path = "Ytrace-Info.plist"; sourceTree = "<group>"; };
		BB677C3318E332B100A9B9F4 /* en */ = {isa = PBXFileReference; lastKnownFileType = text.plist.strings; name = en; path = en.lproj/InfoPlist.strings; sourceTree = "<group>"; };
		BB677C3518E332B100A9B9F4 /* main.m */ = {isa = PBXFileReference; lastKnownFileType = sourcecode.c.objc; path = main.m; sourceTree = "<group>"; };
		BB677C3718E332B100A9B9F4 /* Ytrace-Prefix.pch */ = {isa = PBXFileReference; lastKnownFileType = sourcecode.c.h; path = "Ytrace-Prefix.pch"; sourceTree = "<group>"; };
		BB677C3818E332B100A9B9F4 /* YTAppDelegate.h */ = {isa = PBXFileReference; lastKnownFileType = sourcecode.c.h; path = YTAppDelegate.h; sourceTree = "<group>"; };
		BB677C3918E332B100A9B9F4 /* YTAppDelegate.m */ = {isa = PBXFileReference; lastKnownFileType = sourcecode.c.objc; path = YTAppDelegate.m; sourceTree = "<group>"; };
		BB677C3C18E332B100A9B9F4 /* Base */ = {isa = PBXFileReference; lastKnownFileType = file.storyboard; name = Base; path = Base.lproj/Main.storyboard; sourceTree = "<group>"; };
		BB677C3E18E332B100A9B9F4 /* YTMasterViewController.h */ = {isa = PBXFileReference; lastKnownFileType = sourcecode.c.h; path = YTMasterViewController.h; sourceTree = "<group>"; };
		BB677C3F18E332B100A9B9F4 /* YTMasterViewController.m */ = {isa = PBXFileReference; lastKnownFileType = sourcecode.c.objc; path = YTMasterViewController.m; sourceTree = "<group>"; };
		BB677C4118E332B100A9B9F4 /* YTDetailViewController.h */ = {isa = PBXFileReference; lastKnownFileType = sourcecode.c.h; path = YTDetailViewController.h; sourceTree = "<group>"; };
		BB677C4218E332B100A9B9F4 /* YTDetailViewController.m */ = {isa = PBXFileReference; lastKnownFileType = sourcecode.c.objc; path = YTDetailViewController.m; sourceTree = "<group>"; };
		BB677C4418E332B100A9B9F4 /* Images.xcassets */ = {isa = PBXFileReference; lastKnownFileType = folder.assetcatalog; path = Images.xcassets; sourceTree = "<group>"; };
		BB677C4A18E332B100A9B9F4 /* YtraceTests.xctest */ = {isa = PBXFileReference; explicitFileType = wrapper.cfbundle; includeInIndex = 0; path = YtraceTests.xctest; sourceTree = BUILT_PRODUCTS_DIR; };
		BB677C4B18E332B100A9B9F4 /* XCTest.framework */ = {isa = PBXFileReference; lastKnownFileType = wrapper.framework; name = XCTest.framework; path = Library/Frameworks/XCTest.framework; sourceTree = DEVELOPER_DIR; };
		BB677C5318E332B100A9B9F4 /* YtraceTests-Info.plist */ = {isa = PBXFileReference; lastKnownFileType = text.plist.xml; path = "YtraceTests-Info.plist"; sourceTree = "<group>"; };
		BB677C5518E332B100A9B9F4 /* en */ = {isa = PBXFileReference; lastKnownFileType = text.plist.strings; name = en; path = en.lproj/InfoPlist.strings; sourceTree = "<group>"; };
		BB677C5718E332B100A9B9F4 /* YtraceTests.m */ = {isa = PBXFileReference; lastKnownFileType = sourcecode.c.objc; path = YtraceTests.m; sourceTree = "<group>"; };
		BB677C6118E332EE00A9B9F4 /* Ytrace.h */ = {isa = PBXFileReference; fileEncoding = 4; lastKnownFileType = sourcecode.c.h; path = Ytrace.h; sourceTree = "<group>"; };
		BB677C6218E332EE00A9B9F4 /* Ytrace.m */ = {isa = PBXFileReference; fileEncoding = 4; lastKnownFileType = sourcecode.c.objc; path = Ytrace.m; sourceTree = "<group>"; };
		BB677C6418E3347D00A9B9F4 /* spl_forwarding_trampoline_arm64.s */ = {isa = PBXFileReference; fileEncoding = 4; lastKnownFileType = sourcecode.asm; name = spl_forwarding_trampoline_arm64.s; path = ../../SPLMessageLogger/spl_forwarding_trampoline_arm64.s; sourceTree = "<group>"; };
		BB677C6518E3347D00A9B9F4 /* SPLMessageLogger.h */ = {isa = PBXFileReference; fileEncoding = 4; lastKnownFileType = sourcecode.c.h; name = SPLMessageLogger.h; path = ../../SPLMessageLogger/SPLMessageLogger.h; sourceTree = "<group>"; };
		BB677C6618E3347D00A9B9F4 /* SPLMessageLogger.m */ = {isa = PBXFileReference; fileEncoding = 4; lastKnownFileType = sourcecode.c.objc; name = SPLMessageLogger.m; path = ../../SPLMessageLogger/SPLMessageLogger.m; sourceTree = "<group>"; };
		BB814F9418E3A33300EBF752 /* spl_forwarding_trampoline_armv7.s */ = {isa = PBXFileReference; fileEncoding = 4; lastKnownFileType = sourcecode.asm; name = spl_forwarding_trampoline_armv7.s; path = ../../SPLMessageLogger/spl_forwarding_trampoline_armv7.s; sourceTree = "<group>"; };
		BB814F9518E3A33300EBF752 /* spl_forwarding_trampoline_stret_armv7.s */ = {isa = PBXFileReference; fileEncoding = 4; lastKnownFileType = sourcecode.asm; name = spl_forwarding_trampoline_stret_armv7.s; path = ../../SPLMessageLogger/spl_forwarding_trampoline_stret_armv7.s; sourceTree = "<group>"; };
/* End PBXFileReference section */

/* Begin PBXFrameworksBuildPhase section */
		BB677C2318E332B100A9B9F4 /* Frameworks */ = {
			isa = PBXFrameworksBuildPhase;
			buildActionMask = 2147483647;
			files = (
				BB677C2C18E332B100A9B9F4 /* CoreGraphics.framework in Frameworks */,
				BB677C2E18E332B100A9B9F4 /* UIKit.framework in Frameworks */,
				BB677C2A18E332B100A9B9F4 /* Foundation.framework in Frameworks */,
			);
			runOnlyForDeploymentPostprocessing = 0;
		};
		BB677C4718E332B100A9B9F4 /* Frameworks */ = {
			isa = PBXFrameworksBuildPhase;
			buildActionMask = 2147483647;
			files = (
				BB677C4C18E332B100A9B9F4 /* XCTest.framework in Frameworks */,
				BB677C4E18E332B100A9B9F4 /* UIKit.framework in Frameworks */,
				BB677C4D18E332B100A9B9F4 /* Foundation.framework in Frameworks */,
			);
			runOnlyForDeploymentPostprocessing = 0;
		};
/* End PBXFrameworksBuildPhase section */

/* Begin PBXGroup section */
		BB677C1D18E332B000A9B9F4 = {
			isa = PBXGroup;
			children = (
				BB677C2F18E332B100A9B9F4 /* Ytrace */,
				BB677C5118E332B100A9B9F4 /* YtraceTests */,
				BB677C2818E332B100A9B9F4 /* Frameworks */,
				BB677C2718E332B100A9B9F4 /* Products */,
			);
			sourceTree = "<group>";
		};
		BB677C2718E332B100A9B9F4 /* Products */ = {
			isa = PBXGroup;
			children = (
				BB677C2618E332B100A9B9F4 /* Ytrace.app */,
				BB677C4A18E332B100A9B9F4 /* YtraceTests.xctest */,
			);
			name = Products;
			sourceTree = "<group>";
		};
		BB677C2818E332B100A9B9F4 /* Frameworks */ = {
			isa = PBXGroup;
			children = (
				BB677C2918E332B100A9B9F4 /* Foundation.framework */,
				BB677C2B18E332B100A9B9F4 /* CoreGraphics.framework */,
				BB677C2D18E332B100A9B9F4 /* UIKit.framework */,
				BB677C4B18E332B100A9B9F4 /* XCTest.framework */,
			);
			name = Frameworks;
			sourceTree = "<group>";
		};
		BB677C2F18E332B100A9B9F4 /* Ytrace */ = {
			isa = PBXGroup;
			children = (
				BB677C6118E332EE00A9B9F4 /* Ytrace.h */,
				BB677C6218E332EE00A9B9F4 /* Ytrace.m */,
				BB677C6518E3347D00A9B9F4 /* SPLMessageLogger.h */,
				BB677C6618E3347D00A9B9F4 /* SPLMessageLogger.m */,
				BB814F9418E3A33300EBF752 /* spl_forwarding_trampoline_armv7.s */,
				BB814F9518E3A33300EBF752 /* spl_forwarding_trampoline_stret_armv7.s */,
				BB677C6418E3347D00A9B9F4 /* spl_forwarding_trampoline_arm64.s */,
				BB677C3818E332B100A9B9F4 /* YTAppDelegate.h */,
				BB677C3918E332B100A9B9F4 /* YTAppDelegate.m */,
				BB677C3B18E332B100A9B9F4 /* Main.storyboard */,
				BB677C3E18E332B100A9B9F4 /* YTMasterViewController.h */,
				BB677C3F18E332B100A9B9F4 /* YTMasterViewController.m */,
				BB677C4118E332B100A9B9F4 /* YTDetailViewController.h */,
				BB677C4218E332B100A9B9F4 /* YTDetailViewController.m */,
				BB677C4418E332B100A9B9F4 /* Images.xcassets */,
				BB677C3018E332B100A9B9F4 /* Supporting Files */,
			);
			path = Ytrace;
			sourceTree = "<group>";
		};
		BB677C3018E332B100A9B9F4 /* Supporting Files */ = {
			isa = PBXGroup;
			children = (
				BB677C3118E332B100A9B9F4 /* Ytrace-Info.plist */,
				BB677C3218E332B100A9B9F4 /* InfoPlist.strings */,
				BB677C3518E332B100A9B9F4 /* main.m */,
				BB677C3718E332B100A9B9F4 /* Ytrace-Prefix.pch */,
			);
			name = "Supporting Files";
			sourceTree = "<group>";
		};
		BB677C5118E332B100A9B9F4 /* YtraceTests */ = {
			isa = PBXGroup;
			children = (
				BB677C5718E332B100A9B9F4 /* YtraceTests.m */,
				BB677C5218E332B100A9B9F4 /* Supporting Files */,
			);
			path = YtraceTests;
			sourceTree = "<group>";
		};
		BB677C5218E332B100A9B9F4 /* Supporting Files */ = {
			isa = PBXGroup;
			children = (
				BB677C5318E332B100A9B9F4 /* YtraceTests-Info.plist */,
				BB677C5418E332B100A9B9F4 /* InfoPlist.strings */,
			);
			name = "Supporting Files";
			sourceTree = "<group>";
		};
/* End PBXGroup section */

/* Begin PBXNativeTarget section */
		BB677C2518E332B100A9B9F4 /* Ytrace */ = {
			isa = PBXNativeTarget;
			buildConfigurationList = BB677C5B18E332B100A9B9F4 /* Build configuration list for PBXNativeTarget "Ytrace" */;
			buildPhases = (
				BB677C2218E332B100A9B9F4 /* Sources */,
				BB677C2318E332B100A9B9F4 /* Frameworks */,
				BB677C2418E332B100A9B9F4 /* Resources */,
			);
			buildRules = (
			);
			dependencies = (
			);
			name = Ytrace;
			productName = Ytrace;
			productReference = BB677C2618E332B100A9B9F4 /* Ytrace.app */;
			productType = "com.apple.product-type.application";
		};
		BB677C4918E332B100A9B9F4 /* YtraceTests */ = {
			isa = PBXNativeTarget;
			buildConfigurationList = BB677C5E18E332B100A9B9F4 /* Build configuration list for PBXNativeTarget "YtraceTests" */;
			buildPhases = (
				BB677C4618E332B100A9B9F4 /* Sources */,
				BB677C4718E332B100A9B9F4 /* Frameworks */,
				BB677C4818E332B100A9B9F4 /* Resources */,
			);
			buildRules = (
			);
			dependencies = (
				BB677C5018E332B100A9B9F4 /* PBXTargetDependency */,
			);
			name = YtraceTests;
			productName = YtraceTests;
			productReference = BB677C4A18E332B100A9B9F4 /* YtraceTests.xctest */;
			productType = "com.apple.product-type.bundle.unit-test";
		};
/* End PBXNativeTarget section */

/* Begin PBXProject section */
		BB677C1E18E332B000A9B9F4 /* Project object */ = {
			isa = PBXProject;
			attributes = {
				CLASSPREFIX = SPL;
				LastUpgradeCheck = 0510;
				ORGANIZATIONNAME = "John Holdsworth";
				TargetAttributes = {
					BB677C4918E332B100A9B9F4 = {
						TestTargetID = BB677C2518E332B100A9B9F4;
					};
				};
			};
			buildConfigurationList = BB677C2118E332B000A9B9F4 /* Build configuration list for PBXProject "Ytrace" */;
			compatibilityVersion = "Xcode 3.2";
			developmentRegion = English;
			hasScannedForEncodings = 0;
			knownRegions = (
				en,
				Base,
			);
			mainGroup = BB677C1D18E332B000A9B9F4;
			productRefGroup = BB677C2718E332B100A9B9F4 /* Products */;
			projectDirPath = "";
			projectRoot = "";
			targets = (
				BB677C2518E332B100A9B9F4 /* Ytrace */,
				BB677C4918E332B100A9B9F4 /* YtraceTests */,
			);
		};
/* End PBXProject section */

/* Begin PBXResourcesBuildPhase section */
		BB677C2418E332B100A9B9F4 /* Resources */ = {
			isa = PBXResourcesBuildPhase;
			buildActionMask = 2147483647;
			files = (
				BB677C4518E332B100A9B9F4 /* Images.xcassets in Resources */,
				BB677C3418E332B100A9B9F4 /* InfoPlist.strings in Resources */,
				BB677C3D18E332B100A9B9F4 /* Main.storyboard in Resources */,
			);
			runOnlyForDeploymentPostprocessing = 0;
		};
		BB677C4818E332B100A9B9F4 /* Resources */ = {
			isa = PBXResourcesBuildPhase;
			buildActionMask = 2147483647;
			files = (
				BB677C5618E332B100A9B9F4 /* InfoPlist.strings in Resources */,
			);
			runOnlyForDeploymentPostprocessing = 0;
		};
/* End PBXResourcesBuildPhase section */

/* Begin PBXSourcesBuildPhase section */
		BB677C2218E332B100A9B9F4 /* Sources */ = {
			isa = PBXSourcesBuildPhase;
			buildActionMask = 2147483647;
			files = (
				BB677C6718E3347D00A9B9F4 /* spl_forwarding_trampoline_arm64.s in Sources */,
				BB677C3A18E332B100A9B9F4 /* YTAppDelegate.m in Sources */,
				BB677C4318E332B100A9B9F4 /* YTDetailViewController.m in Sources */,
				BB814F9718E3A33300EBF752 /* spl_forwarding_trampoline_stret_armv7.s in Sources */,
				BB814F9618E3A33300EBF752 /* spl_forwarding_trampoline_armv7.s in Sources */,
				BB677C4018E332B100A9B9F4 /* YTMasterViewController.m in Sources */,
				BB677C6318E332EE00A9B9F4 /* Ytrace.m in Sources */,
				BB677C6818E3347D00A9B9F4 /* SPLMessageLogger.m in Sources */,
				BB677C3618E332B100A9B9F4 /* main.m in Sources */,
			);
			runOnlyForDeploymentPostprocessing = 0;
		};
		BB677C4618E332B100A9B9F4 /* Sources */ = {
			isa = PBXSourcesBuildPhase;
			buildActionMask = 2147483647;
			files = (
				BB677C5818E332B100A9B9F4 /* YtraceTests.m in Sources */,
			);
			runOnlyForDeploymentPostprocessing = 0;
		};
/* End PBXSourcesBuildPhase section */

/* Begin PBXTargetDependency section */
		BB677C5018E332B100A9B9F4 /* PBXTargetDependency */ = {
			isa = PBXTargetDependency;
			target = BB677C2518E332B100A9B9F4 /* Ytrace */;
			targetProxy = BB677C4F18E332B100A9B9F4 /* PBXContainerItemProxy */;
		};
/* End PBXTargetDependency section */

/* Begin PBXVariantGroup section */
		BB677C3218E332B100A9B9F4 /* InfoPlist.strings */ = {
			isa = PBXVariantGroup;
			children = (
				BB677C3318E332B100A9B9F4 /* en */,
			);
			name = InfoPlist.strings;
			sourceTree = "<group>";
		};
		BB677C3B18E332B100A9B9F4 /* Main.storyboard */ = {
			isa = PBXVariantGroup;
			children = (
				BB677C3C18E332B100A9B9F4 /* Base */,
			);
			name = Main.storyboard;
			sourceTree = "<group>";
		};
		BB677C5418E332B100A9B9F4 /* InfoPlist.strings */ = {
			isa = PBXVariantGroup;
			children = (
				BB677C5518E332B100A9B9F4 /* en */,
			);
			name = InfoPlist.strings;
			sourceTree = "<group>";
		};
/* End PBXVariantGroup section */

/* Begin XCBuildConfiguration section */
		BB677C5918E332B100A9B9F4 /* Debug */ = {
			isa = XCBuildConfiguration;
			buildSettings = {
				ALWAYS_SEARCH_USER_PATHS = NO;
				ARCHS = "$(ARCHS_STANDARD)";
				CLANG_CXX_LANGUAGE_STANDARD = "gnu++0x";
				CLANG_CXX_LIBRARY = "libc++";
				CLANG_ENABLE_MODULES = YES;
				CLANG_ENABLE_OBJC_ARC = YES;
				CLANG_WARN_BOOL_CONVERSION = YES;
				CLANG_WARN_CONSTANT_CONVERSION = YES;
				CLANG_WARN_DIRECT_OBJC_ISA_USAGE = YES_ERROR;
				CLANG_WARN_EMPTY_BODY = YES;
				CLANG_WARN_ENUM_CONVERSION = YES;
				CLANG_WARN_INT_CONVERSION = YES;
				CLANG_WARN_OBJC_ROOT_CLASS = YES_ERROR;
				CLANG_WARN__DUPLICATE_METHOD_MATCH = YES;
				"CODE_SIGN_IDENTITY[sdk=iphoneos*]" = "iPhone Developer";
				COPY_PHASE_STRIP = NO;
				GCC_C_LANGUAGE_STANDARD = gnu99;
				GCC_DYNAMIC_NO_PIC = NO;
				GCC_OPTIMIZATION_LEVEL = 0;
				GCC_PREPROCESSOR_DEFINITIONS = (
					"DEBUG=1",
					"$(inherited)",
				);
				GCC_SYMBOLS_PRIVATE_EXTERN = NO;
				GCC_WARN_64_TO_32_BIT_CONVERSION = YES;
				GCC_WARN_ABOUT_RETURN_TYPE = YES_ERROR;
				GCC_WARN_UNDECLARED_SELECTOR = YES;
				GCC_WARN_UNINITIALIZED_AUTOS = YES_AGGRESSIVE;
				GCC_WARN_UNUSED_FUNCTION = YES;
				GCC_WARN_UNUSED_VARIABLE = YES;
				IPHONEOS_DEPLOYMENT_TARGET = 7.1;
				ONLY_ACTIVE_ARCH = YES;
				SDKROOT = iphoneos;
			};
			name = Debug;
		};
		BB677C5A18E332B100A9B9F4 /* Release */ = {
			isa = XCBuildConfiguration;
			buildSettings = {
				ALWAYS_SEARCH_USER_PATHS = NO;
				ARCHS = "$(ARCHS_STANDARD)";
				CLANG_CXX_LANGUAGE_STANDARD = "gnu++0x";
				CLANG_CXX_LIBRARY = "libc++";
				CLANG_ENABLE_MODULES = YES;
				CLANG_ENABLE_OBJC_ARC = YES;
				CLANG_WARN_BOOL_CONVERSION = YES;
				CLANG_WARN_CONSTANT_CONVERSION = YES;
				CLANG_WARN_DIRECT_OBJC_ISA_USAGE = YES_ERROR;
				CLANG_WARN_EMPTY_BODY = YES;
				CLANG_WARN_ENUM_CONVERSION = YES;
				CLANG_WARN_INT_CONVERSION = YES;
				CLANG_WARN_OBJC_ROOT_CLASS = YES_ERROR;
				CLANG_WARN__DUPLICATE_METHOD_MATCH = YES;
				"CODE_SIGN_IDENTITY[sdk=iphoneos*]" = "iPhone Developer";
				COPY_PHASE_STRIP = YES;
				ENABLE_NS_ASSERTIONS = NO;
				GCC_C_LANGUAGE_STANDARD = gnu99;
				GCC_WARN_64_TO_32_BIT_CONVERSION = YES;
				GCC_WARN_ABOUT_RETURN_TYPE = YES_ERROR;
				GCC_WARN_UNDECLARED_SELECTOR = YES;
				GCC_WARN_UNINITIALIZED_AUTOS = YES_AGGRESSIVE;
				GCC_WARN_UNUSED_FUNCTION = YES;
				GCC_WARN_UNUSED_VARIABLE = YES;
				IPHONEOS_DEPLOYMENT_TARGET = 7.1;
				SDKROOT = iphoneos;
				VALIDATE_PRODUCT = YES;
			};
			name = Release;
		};
		BB677C5C18E332B100A9B9F4 /* Debug */ = {
			isa = XCBuildConfiguration;
			buildSettings = {
				ASSETCATALOG_COMPILER_APPICON_NAME = AppIcon;
				ASSETCATALOG_COMPILER_LAUNCHIMAGE_NAME = LaunchImage;
				GCC_PRECOMPILE_PREFIX_HEADER = YES;
				GCC_PREFIX_HEADER = "Ytrace/Ytrace-Prefix.pch";
				INFOPLIST_FILE = "Ytrace/Ytrace-Info.plist";
				IPHONEOS_DEPLOYMENT_TARGET = 7.1;
				PRODUCT_NAME = "$(TARGET_NAME)";
				TARGETED_DEVICE_FAMILY = "1,2";
				WRAPPER_EXTENSION = app;
			};
			name = Debug;
		};
		BB677C5D18E332B100A9B9F4 /* Release */ = {
			isa = XCBuildConfiguration;
			buildSettings = {
				ASSETCATALOG_COMPILER_APPICON_NAME = AppIcon;
				ASSETCATALOG_COMPILER_LAUNCHIMAGE_NAME = LaunchImage;
				GCC_PRECOMPILE_PREFIX_HEADER = YES;
				GCC_PREFIX_HEADER = "Ytrace/Ytrace-Prefix.pch";
				INFOPLIST_FILE = "Ytrace/Ytrace-Info.plist";
				IPHONEOS_DEPLOYMENT_TARGET = 7.1;
				PRODUCT_NAME = "$(TARGET_NAME)";
				TARGETED_DEVICE_FAMILY = "1,2";
				WRAPPER_EXTENSION = app;
			};
			name = Release;
		};
		BB677C5F18E332B100A9B9F4 /* Debug */ = {
			isa = XCBuildConfiguration;
			buildSettings = {
				BUNDLE_LOADER = "$(BUILT_PRODUCTS_DIR)/Ytrace.app/Ytrace";
				FRAMEWORK_SEARCH_PATHS = (
					"$(SDKROOT)/Developer/Library/Frameworks",
					"$(inherited)",
					"$(DEVELOPER_FRAMEWORKS_DIR)",
				);
				GCC_PRECOMPILE_PREFIX_HEADER = YES;
				GCC_PREFIX_HEADER = "Ytrace/Ytrace-Prefix.pch";
				GCC_PREPROCESSOR_DEFINITIONS = (
					"DEBUG=1",
					"$(inherited)",
				);
				INFOPLIST_FILE = "YtraceTests/YtraceTests-Info.plist";
				PRODUCT_NAME = "$(TARGET_NAME)";
				TEST_HOST = "$(BUNDLE_LOADER)";
				WRAPPER_EXTENSION = xctest;
			};
			name = Debug;
		};
		BB677C6018E332B100A9B9F4 /* Release */ = {
			isa = XCBuildConfiguration;
			buildSettings = {
				BUNDLE_LOADER = "$(BUILT_PRODUCTS_DIR)/Ytrace.app/Ytrace";
				FRAMEWORK_SEARCH_PATHS = (
					"$(SDKROOT)/Developer/Library/Frameworks",
					"$(inherited)",
					"$(DEVELOPER_FRAMEWORKS_DIR)",
				);
				GCC_PRECOMPILE_PREFIX_HEADER = YES;
				GCC_PREFIX_HEADER = "Ytrace/Ytrace-Prefix.pch";
				INFOPLIST_FILE = "YtraceTests/YtraceTests-Info.plist";
				PRODUCT_NAME = "$(TARGET_NAME)";
				TEST_HOST = "$(BUNDLE_LOADER)";
				WRAPPER_EXTENSION = xctest;
			};
			name = Release;
		};
/* End XCBuildConfiguration section */

/* Begin XCConfigurationList section */
		BB677C2118E332B000A9B9F4 /* Build configuration list for PBXProject "Ytrace" */ = {
			isa = XCConfigurationList;
			buildConfigurations = (
				BB677C5918E332B100A9B9F4 /* Debug */,
				BB677C5A18E332B100A9B9F4 /* Release */,
			);
			defaultConfigurationIsVisible = 0;
			defaultConfigurationName = Release;
		};
		BB677C5B18E332B100A9B9F4 /* Build configuration list for PBXNativeTarget "Ytrace" */ = {
			isa = XCConfigurationList;
			buildConfigurations = (
				BB677C5C18E332B100A9B9F4 /* Debug */,
				BB677C5D18E332B100A9B9F4 /* Release */,
			);
			defaultConfigurationIsVisible = 0;
			defaultConfigurationName = Release;
		};
		BB677C5E18E332B100A9B9F4 /* Build configuration list for PBXNativeTarget "YtraceTests" */ = {
			isa = XCConfigurationList;
			buildConfigurations = (
				BB677C5F18E332B100A9B9F4 /* Debug */,
				BB677C6018E332B100A9B9F4 /* Release */,
			);
			defaultConfigurationIsVisible = 0;
			defaultConfigurationName = Release;
		};
/* End XCConfigurationList section */
	};
	rootObject = BB677C1E18E332B000A9B9F4 /* Project object */;
}
